
Microsoft Visual Studio Solution File, Format Version 12.00
# Visual Studio Version 17
VisualStudioVersion = 17.4.33205.214
MinimumVisualStudioVersion = 10.0.40219.1
Project("{9A19103F-16F7-4668-BE54-9A1E7A4F7556}") = "InscaleAssesmentBE", "InscaleAssesmentBE\InscaleAssesmentBE.csproj", "{51F82962-3654-440C-8198-5425908C5BBE}"
EndProject
Project("{9A19103F-16F7-4668-BE54-9A1E7A4F7556}") = "DataAccessLayer", "DataAccessLayer\DataAccessLayer.csproj", "{BE3EABA3-079C-4D0B-B040-F28198D51CD0}"
EndProject
Project("{9A19103F-16F7-4668-BE54-9A1E7A4F7556}") = "BusinessLayer", "BusinessLayer\BusinessLayer.csproj", "{0DB1A4A6-25D9-41C8-A269-B76CC0928485}"
EndProject
Project("{FAE04EC0-301F-11D3-BF4B-00C04F79EFBC}") = "MailingServiceMock", "MailingServiceMock\MailingServiceMock.csproj", "{9DF60827-03F6-4A06-87DE-3E4786035A92}"
EndProject
Global
	GlobalSection(SolutionConfigurationPlatforms) = preSolution
		Debug|Any CPU = Debug|Any CPU
		Release|Any CPU = Release|Any CPU
	EndGlobalSection
	GlobalSection(ProjectConfigurationPlatforms) = postSolution
		{51F82962-3654-440C-8198-5425908C5BBE}.Debug|Any CPU.ActiveCfg = Debug|Any CPU
		{51F82962-3654-440C-8198-5425908C5BBE}.Debug|Any CPU.Build.0 = Debug|Any CPU
		{51F82962-3654-440C-8198-5425908C5BBE}.Release|Any CPU.ActiveCfg = Release|Any CPU
		{51F82962-3654-440C-8198-5425908C5BBE}.Release|Any CPU.Build.0 = Release|Any CPU
		{BE3EABA3-079C-4D0B-B040-F28198D51CD0}.Debug|Any CPU.ActiveCfg = Debug|Any CPU
		{BE3EABA3-079C-4D0B-B040-F28198D51CD0}.Debug|Any CPU.Build.0 = Debug|Any CPU
		{BE3EABA3-079C-4D0B-B040-F28198D51CD0}.Release|Any CPU.ActiveCfg = Release|Any CPU
		{BE3EABA3-079C-4D0B-B040-F28198D51CD0}.Release|Any CPU.Build.0 = Release|Any CPU
		{0DB1A4A6-25D9-41C8-A269-B76CC0928485}.Debug|Any CPU.ActiveCfg = Debug|Any CPU
		{0DB1A4A6-25D9-41C8-A269-B76CC0928485}.Debug|Any CPU.Build.0 = Debug|Any CPU
		{0DB1A4A6-25D9-41C8-A269-B76CC0928485}.Release|Any CPU.ActiveCfg = Release|Any CPU
		{0DB1A4A6-25D9-41C8-A269-B76CC0928485}.Release|Any CPU.Build.0 = Release|Any CPU
		{9DF60827-03F6-4A06-87DE-3E4786035A92}.Debug|Any CPU.ActiveCfg = Debug|Any CPU
		{9DF60827-03F6-4A06-87DE-3E4786035A92}.Debug|Any CPU.Build.0 = Debug|Any CPU
		{9DF60827-03F6-4A06-87DE-3E4786035A92}.Release|Any CPU.ActiveCfg = Release|Any CPU
		{9DF60827-03F6-4A06-87DE-3E4786035A92}.Release|Any CPU.Build.0 = Release|Any CPU
	EndGlobalSection
	GlobalSection(SolutionProperties) = preSolution
		HideSolutionNode = FALSE
	EndGlobalSection
	GlobalSection(ExtensibilityGlobals) = postSolution
		SolutionGuid = {932F34DD-C14C-4AA7-94DF-97AAFEBB02B0}
	EndGlobalSection
EndGlobal
