
Microsoft Visual Studio Solution File, Format Version 12.00
# Visual Studio Version 17
VisualStudioVersion = 17.4.33205.214
MinimumVisualStudioVersion = 10.0.40219.1
Project("{FAE04EC0-301F-11D3-BF4B-00C04F79EFBC}") = "InscaleAssesmentBE", "InscaleAssesmentBE\InscaleAssesmentBE.csproj", "{51F82962-3654-440C-8198-5425908C5BBE}"
EndProject
Global
	GlobalSection(SolutionConfigurationPlatforms) = preSolution
		Debug|Any CPU = Debug|Any CPU
		Release|Any CPU = Release|Any CPU
	EndGlobalSection
	GlobalSection(ProjectConfigurationPlatforms) = postSolution
		{51F82962-3654-440C-8198-5425908C5BBE}.Debug|Any CPU.ActiveCfg = Debug|Any CPU
		{51F82962-3654-440C-8198-5425908C5BBE}.Debug|Any CPU.Build.0 = Debug|Any CPU
		{51F82962-3654-440C-8198-5425908C5BBE}.Release|Any CPU.ActiveCfg = Release|Any CPU
		{51F82962-3654-440C-8198-5425908C5BBE}.Release|Any CPU.Build.0 = Release|Any CPU
	EndGlobalSection
	GlobalSection(SolutionProperties) = preSolution
		HideSolutionNode = FALSE
	EndGlobalSection
	GlobalSection(ExtensibilityGlobals) = postSolution
		SolutionGuid = {932F34DD-C14C-4AA7-94DF-97AAFEBB02B0}
	EndGlobalSection
EndGlobal
